
Microsoft Visual Studio Solution File, Format Version 12.00
# Visual Studio 2015
Project("{FAE04EC0-301F-11D3-BF4B-00C04F79EFBC}") = "CV.CSharp", "CV.CSharp.csproj", "{B384DF2A-FB6E-7653-C9B1-555E4731F7A1}"
EndProject
Project("{FAE04EC0-301F-11D3-BF4B-00C04F79EFBC}") = "CV.CSharp.Editor", "CV.CSharp.Editor.csproj", "{B67C248D-BBD7-443D-ACDB-F906A313979B}"
EndProject
Global
	GlobalSection(SolutionConfigurationPlatforms) = preSolution
		Debug|Any CPU = Debug|Any CPU
		Release|Any CPU = Release|Any CPU
	EndGlobalSection
	GlobalSection(ProjectConfigurationPlatforms) = postSolution
		{B384DF2A-FB6E-7653-C9B1-555E4731F7A1}.Debug|Any CPU.ActiveCfg = Debug|Any CPU
		{B384DF2A-FB6E-7653-C9B1-555E4731F7A1}.Debug|Any CPU.Build.0 = Debug|Any CPU
		{B384DF2A-FB6E-7653-C9B1-555E4731F7A1}.Release|Any CPU.ActiveCfg = Release|Any CPU
		{B384DF2A-FB6E-7653-C9B1-555E4731F7A1}.Release|Any CPU.Build.0 = Release|Any CPU
		{B67C248D-BBD7-443D-ACDB-F906A313979B}.Debug|Any CPU.ActiveCfg = Debug|Any CPU
		{B67C248D-BBD7-443D-ACDB-F906A313979B}.Debug|Any CPU.Build.0 = Debug|Any CPU
		{B67C248D-BBD7-443D-ACDB-F906A313979B}.Release|Any CPU.ActiveCfg = Release|Any CPU
		{B67C248D-BBD7-443D-ACDB-F906A313979B}.Release|Any CPU.Build.0 = Release|Any CPU
	EndGlobalSection
	GlobalSection(SolutionProperties) = preSolution
		HideSolutionNode = FALSE
	EndGlobalSection
EndGlobal
